
Microsoft Visual Studio Solution File, Format Version 12.00
# Visual Studio Version 16
VisualStudioVersion = 16.0.31229.75
MinimumVisualStudioVersion = 10.0.40219.1
Project("{FAE04EC0-301F-11D3-BF4B-00C04F79EFBC}") = "RadioPollResult", "RadioPollResult\RadioPollResult.csproj", "{39772F2D-B931-4DF4-AAE3-ECF633AA0B20}"
EndProject
Project("{FAE04EC0-301F-11D3-BF4B-00C04F79EFBC}") = "serializexConnectmodel", "serializexConnectmodel\serializexConnectmodel.csproj", "{7AA64C42-F9E7-4BAF-849D-7CDFA31EE9F3}"
EndProject
Global
	GlobalSection(SolutionConfigurationPlatforms) = preSolution
		Debug|Any CPU = Debug|Any CPU
		Release|Any CPU = Release|Any CPU
	EndGlobalSection
	GlobalSection(ProjectConfigurationPlatforms) = postSolution
		{39772F2D-B931-4DF4-AAE3-ECF633AA0B20}.Debug|Any CPU.ActiveCfg = Debug|Any CPU
		{39772F2D-B931-4DF4-AAE3-ECF633AA0B20}.Debug|Any CPU.Build.0 = Debug|Any CPU
		{39772F2D-B931-4DF4-AAE3-ECF633AA0B20}.Release|Any CPU.ActiveCfg = Release|Any CPU
		{39772F2D-B931-4DF4-AAE3-ECF633AA0B20}.Release|Any CPU.Build.0 = Release|Any CPU
		{7AA64C42-F9E7-4BAF-849D-7CDFA31EE9F3}.Debug|Any CPU.ActiveCfg = Debug|Any CPU
		{7AA64C42-F9E7-4BAF-849D-7CDFA31EE9F3}.Debug|Any CPU.Build.0 = Debug|Any CPU
		{7AA64C42-F9E7-4BAF-849D-7CDFA31EE9F3}.Release|Any CPU.ActiveCfg = Release|Any CPU
		{7AA64C42-F9E7-4BAF-849D-7CDFA31EE9F3}.Release|Any CPU.Build.0 = Release|Any CPU
	EndGlobalSection
	GlobalSection(SolutionProperties) = preSolution
		HideSolutionNode = FALSE
	EndGlobalSection
	GlobalSection(ExtensibilityGlobals) = postSolution
		SolutionGuid = {9A14F6F3-3B38-40FB-AF84-DFB1B98B00A7}
		EnterpriseLibraryConfigurationToolBinariesPathV6 = packages\EnterpriseLibrary.Common.6.0.1304.0\lib\NET45;packages\EnterpriseLibrary.TransientFaultHandling.6.0.1304.0\lib\portable-net45+win+wp8;packages\EnterpriseLibrary.TransientFaultHandling.Caching.6.0.1304.0\lib\NET45;packages\EnterpriseLibrary.TransientFaultHandling.Data.6.0.1304.1\lib\NET45;packages\EnterpriseLibrary.TransientFaultHandling.ServiceBus.6.0.1304.0\lib\NET45;packages\EnterpriseLibrary.TransientFaultHandling.WindowsAzure.Storage.6.0.1304.0\lib\NET45;packages\EnterpriseLibrary.TransientFaultHandling.Configuration.6.0.1304.0\lib\NET45
	EndGlobalSection
EndGlobal
